// !$*UTF8*$!
{
	archiveVersion = 1;
	classes = {
	};
	objectVersion = 46;
	objects = {

/* Begin PBXBuildFile section */
		48003A191CE364B800093E0B /* fhconfig.plist in Resources */ = {isa = PBXBuildFile; fileRef = 48003A181CE364B800093E0B /* fhconfig.plist */; };
		48022E651CDCE23A00F567B7 /* AppDelegate.swift in Sources */ = {isa = PBXBuildFile; fileRef = 48022E641CDCE23A00F567B7 /* AppDelegate.swift */; };
		48022E6A1CDCE23A00F567B7 /* Main.storyboard in Resources */ = {isa = PBXBuildFile; fileRef = 48022E681CDCE23A00F567B7 /* Main.storyboard */; };
		48022E6C1CDCE23A00F567B7 /* Assets.xcassets in Resources */ = {isa = PBXBuildFile; fileRef = 48022E6B1CDCE23A00F567B7 /* Assets.xcassets */; };
		48022E6F1CDCE23A00F567B7 /* LaunchScreen.storyboard in Resources */ = {isa = PBXBuildFile; fileRef = 48022E6D1CDCE23A00F567B7 /* LaunchScreen.storyboard */; };
		48022E7A1CDCE57400F567B7 /* HomeViewController.swift in Sources */ = {isa = PBXBuildFile; fileRef = 48022E791CDCE57400F567B7 /* HomeViewController.swift */; };
		48DF9E5D1CDCFC1C008E8334 /* CallCloudViewController.swift in Sources */ = {isa = PBXBuildFile; fileRef = 48DF9E5C1CDCFC1C008E8334 /* CallCloudViewController.swift */; };
		48DF9E5F1CDCFC7C008E8334 /* PushNotificationViewController.swift in Sources */ = {isa = PBXBuildFile; fileRef = 48DF9E5E1CDCFC7C008E8334 /* PushNotificationViewController.swift */; };
		48DF9E611CDCFCA6008E8334 /* LocationViewController.swift in Sources */ = {isa = PBXBuildFile; fileRef = 48DF9E601CDCFCA6008E8334 /* LocationViewController.swift */; };
		48DF9E631CDCFCC3008E8334 /* DataBrowserViewController.swift in Sources */ = {isa = PBXBuildFile; fileRef = 48DF9E621CDCFCC3008E8334 /* DataBrowserViewController.swift */; };
		48DF9E651CDCFCF0008E8334 /* NativeAppInfoViewController.swift in Sources */ = {isa = PBXBuildFile; fileRef = 48DF9E641CDCFCF0008E8334 /* NativeAppInfoViewController.swift */; };
		48DF9E671CDCFD14008E8334 /* CloudIntegrationViewController.swift in Sources */ = {isa = PBXBuildFile; fileRef = 48DF9E661CDCFD14008E8334 /* CloudIntegrationViewController.swift */; };
		48DF9E691CDCFD2B008E8334 /* StatisticsViewController.swift in Sources */ = {isa = PBXBuildFile; fileRef = 48DF9E681CDCFD2B008E8334 /* StatisticsViewController.swift */; };
		A868916B5ED71BD1FB309B26 /* Pods.framework in Frameworks */ = {isa = PBXBuildFile; fileRef = FADCF9C1A32DD65FC7417FBC /* Pods.framework */; };
/* End PBXBuildFile section */

/* Begin PBXFileReference section */
		48003A181CE364B800093E0B /* fhconfig.plist */ = {isa = PBXFileReference; fileEncoding = 4; lastKnownFileType = text.plist.xml; path = fhconfig.plist; sourceTree = "<group>"; };
		48022E611CDCE23A00F567B7 /* welcome-ios-swift.app */ = {isa = PBXFileReference; explicitFileType = wrapper.application; includeInIndex = 0; path = "welcome-ios-swift.app"; sourceTree = BUILT_PRODUCTS_DIR; };
		48022E641CDCE23A00F567B7 /* AppDelegate.swift */ = {isa = PBXFileReference; lastKnownFileType = sourcecode.swift; path = AppDelegate.swift; sourceTree = "<group>"; };
		48022E691CDCE23A00F567B7 /* Base */ = {isa = PBXFileReference; lastKnownFileType = file.storyboard; name = Base; path = Base.lproj/Main.storyboard; sourceTree = "<group>"; };
		48022E6B1CDCE23A00F567B7 /* Assets.xcassets */ = {isa = PBXFileReference; lastKnownFileType = folder.assetcatalog; path = Assets.xcassets; sourceTree = "<group>"; };
		48022E6E1CDCE23A00F567B7 /* Base */ = {isa = PBXFileReference; lastKnownFileType = file.storyboard; name = Base; path = Base.lproj/LaunchScreen.storyboard; sourceTree = "<group>"; };
		48022E701CDCE23A00F567B7 /* welcome-ios-swift-Info.plist */ = {isa = PBXFileReference; lastKnownFileType = text.plist.xml; path = "welcome-ios-swift-Info.plist"; sourceTree = "<group>"; };
		48022E791CDCE57400F567B7 /* HomeViewController.swift */ = {isa = PBXFileReference; fileEncoding = 4; lastKnownFileType = sourcecode.swift; path = HomeViewController.swift; sourceTree = "<group>"; };
		48DF9E5C1CDCFC1C008E8334 /* CallCloudViewController.swift */ = {isa = PBXFileReference; fileEncoding = 4; lastKnownFileType = sourcecode.swift; path = CallCloudViewController.swift; sourceTree = "<group>"; };
		48DF9E5E1CDCFC7C008E8334 /* PushNotificationViewController.swift */ = {isa = PBXFileReference; fileEncoding = 4; lastKnownFileType = sourcecode.swift; path = PushNotificationViewController.swift; sourceTree = "<group>"; };
		48DF9E601CDCFCA6008E8334 /* LocationViewController.swift */ = {isa = PBXFileReference; fileEncoding = 4; lastKnownFileType = sourcecode.swift; path = LocationViewController.swift; sourceTree = "<group>"; };
		48DF9E621CDCFCC3008E8334 /* DataBrowserViewController.swift */ = {isa = PBXFileReference; fileEncoding = 4; lastKnownFileType = sourcecode.swift; path = DataBrowserViewController.swift; sourceTree = "<group>"; };
		48DF9E641CDCFCF0008E8334 /* NativeAppInfoViewController.swift */ = {isa = PBXFileReference; fileEncoding = 4; lastKnownFileType = sourcecode.swift; path = NativeAppInfoViewController.swift; sourceTree = "<group>"; };
		48DF9E661CDCFD14008E8334 /* CloudIntegrationViewController.swift */ = {isa = PBXFileReference; fileEncoding = 4; lastKnownFileType = sourcecode.swift; path = CloudIntegrationViewController.swift; sourceTree = "<group>"; };
		48DF9E681CDCFD2B008E8334 /* StatisticsViewController.swift */ = {isa = PBXFileReference; fileEncoding = 4; lastKnownFileType = sourcecode.swift; path = StatisticsViewController.swift; sourceTree = "<group>"; };
		4B7C3F63DC392B4D7613C071 /* Pods.release.xcconfig */ = {isa = PBXFileReference; includeInIndex = 1; lastKnownFileType = text.xcconfig; name = Pods.release.xcconfig; path = "Pods/Target Support Files/Pods/Pods.release.xcconfig"; sourceTree = "<group>"; };
		842E20DD4E12A4FBB0AB84F0 /* Pods.debug.xcconfig */ = {isa = PBXFileReference; includeInIndex = 1; lastKnownFileType = text.xcconfig; name = Pods.debug.xcconfig; path = "Pods/Target Support Files/Pods/Pods.debug.xcconfig"; sourceTree = "<group>"; };
		FADCF9C1A32DD65FC7417FBC /* Pods.framework */ = {isa = PBXFileReference; explicitFileType = wrapper.framework; includeInIndex = 0; path = Pods.framework; sourceTree = BUILT_PRODUCTS_DIR; };
/* End PBXFileReference section */

/* Begin PBXFrameworksBuildPhase section */
		48022E5E1CDCE23A00F567B7 /* Frameworks */ = {
			isa = PBXFrameworksBuildPhase;
			buildActionMask = 2147483647;
			files = (
				A868916B5ED71BD1FB309B26 /* Pods.framework in Frameworks */,
			);
			runOnlyForDeploymentPostprocessing = 0;
		};
/* End PBXFrameworksBuildPhase section */

/* Begin PBXGroup section */
		458C0531034BAF9EA23F6F07 /* Frameworks */ = {
			isa = PBXGroup;
			children = (
				FADCF9C1A32DD65FC7417FBC /* Pods.framework */,
			);
			name = Frameworks;
			sourceTree = "<group>";
		};
		48022E581CDCE23A00F567B7 = {
			isa = PBXGroup;
			children = (
				48022E631CDCE23A00F567B7 /* welcome-ios-swift */,
				48022E621CDCE23A00F567B7 /* Products */,
				FA5C9BFF9FB111A8BD3C7093 /* Pods */,
				458C0531034BAF9EA23F6F07 /* Frameworks */,
			);
			sourceTree = "<group>";
		};
		48022E621CDCE23A00F567B7 /* Products */ = {
			isa = PBXGroup;
			children = (
				48022E611CDCE23A00F567B7 /* welcome-ios-swift.app */,
			);
			name = Products;
			sourceTree = "<group>";
		};
		48022E631CDCE23A00F567B7 /* welcome-ios-swift */ = {
			isa = PBXGroup;
			children = (
				48022E641CDCE23A00F567B7 /* AppDelegate.swift */,
				48022E681CDCE23A00F567B7 /* Main.storyboard */,
				48022E791CDCE57400F567B7 /* HomeViewController.swift */,
				48DF9E5C1CDCFC1C008E8334 /* CallCloudViewController.swift */,
				48DF9E5E1CDCFC7C008E8334 /* PushNotificationViewController.swift */,
				48DF9E601CDCFCA6008E8334 /* LocationViewController.swift */,
				48DF9E621CDCFCC3008E8334 /* DataBrowserViewController.swift */,
				48DF9E641CDCFCF0008E8334 /* NativeAppInfoViewController.swift */,
				48DF9E661CDCFD14008E8334 /* CloudIntegrationViewController.swift */,
				48DF9E681CDCFD2B008E8334 /* StatisticsViewController.swift */,
				48022E6B1CDCE23A00F567B7 /* Assets.xcassets */,
				48022E6D1CDCE23A00F567B7 /* LaunchScreen.storyboard */,
				48022E701CDCE23A00F567B7 /* welcome-ios-swift-Info.plist */,
				48003A181CE364B800093E0B /* fhconfig.plist */,
			);
			path = "welcome-ios-swift";
			sourceTree = "<group>";
		};
		FA5C9BFF9FB111A8BD3C7093 /* Pods */ = {
			isa = PBXGroup;
			children = (
				842E20DD4E12A4FBB0AB84F0 /* Pods.debug.xcconfig */,
				4B7C3F63DC392B4D7613C071 /* Pods.release.xcconfig */,
			);
			name = Pods;
			sourceTree = "<group>";
		};
/* End PBXGroup section */

/* Begin PBXNativeTarget section */
		48022E601CDCE23A00F567B7 /* welcome-ios-swift */ = {
			isa = PBXNativeTarget;
			buildConfigurationList = 48022E731CDCE23A00F567B7 /* Build configuration list for PBXNativeTarget "welcome-ios-swift" */;
			buildPhases = (
				036884CB000FE3AF8EA70F44 /* Check Pods Manifest.lock */,
				48022E5D1CDCE23A00F567B7 /* Sources */,
				48022E5E1CDCE23A00F567B7 /* Frameworks */,
				48022E5F1CDCE23A00F567B7 /* Resources */,
				5844B3206D34A6677CE2D088 /* Embed Pods Frameworks */,
				A2EDEAD98C3DB3F432C9060A /* Copy Pods Resources */,
			);
			buildRules = (
			);
			dependencies = (
			);
			name = "welcome-ios-swift";
			productName = "welcome-ios-swift";
			productReference = 48022E611CDCE23A00F567B7 /* welcome-ios-swift.app */;
			productType = "com.apple.product-type.application";
		};
/* End PBXNativeTarget section */

/* Begin PBXProject section */
		48022E591CDCE23A00F567B7 /* Project object */ = {
			isa = PBXProject;
			attributes = {
				LastSwiftUpdateCheck = 0730;
				LastUpgradeCheck = 0730;
				ORGANIZATIONNAME = corinnekrych;
				TargetAttributes = {
					48022E601CDCE23A00F567B7 = {
						CreatedOnToolsVersion = 7.3;
					};
				};
			};
			buildConfigurationList = 48022E5C1CDCE23A00F567B7 /* Build configuration list for PBXProject "welcome-ios-swift" */;
			compatibilityVersion = "Xcode 3.2";
			developmentRegion = English;
			hasScannedForEncodings = 0;
			knownRegions = (
				en,
				Base,
			);
			mainGroup = 48022E581CDCE23A00F567B7;
			productRefGroup = 48022E621CDCE23A00F567B7 /* Products */;
			projectDirPath = "";
			projectRoot = "";
			targets = (
				48022E601CDCE23A00F567B7 /* welcome-ios-swift */,
			);
		};
/* End PBXProject section */

/* Begin PBXResourcesBuildPhase section */
		48022E5F1CDCE23A00F567B7 /* Resources */ = {
			isa = PBXResourcesBuildPhase;
			buildActionMask = 2147483647;
			files = (
				48003A191CE364B800093E0B /* fhconfig.plist in Resources */,
				48022E6F1CDCE23A00F567B7 /* LaunchScreen.storyboard in Resources */,
				48022E6C1CDCE23A00F567B7 /* Assets.xcassets in Resources */,
				48022E6A1CDCE23A00F567B7 /* Main.storyboard in Resources */,
			);
			runOnlyForDeploymentPostprocessing = 0;
		};
/* End PBXResourcesBuildPhase section */

/* Begin PBXShellScriptBuildPhase section */
		036884CB000FE3AF8EA70F44 /* Check Pods Manifest.lock */ = {
			isa = PBXShellScriptBuildPhase;
			buildActionMask = 2147483647;
			files = (
			);
			inputPaths = (
			);
			name = "Check Pods Manifest.lock";
			outputPaths = (
			);
			runOnlyForDeploymentPostprocessing = 0;
			shellPath = /bin/sh;
			shellScript = "diff \"${PODS_ROOT}/../Podfile.lock\" \"${PODS_ROOT}/Manifest.lock\" > /dev/null\nif [[ $? != 0 ]] ; then\n    cat << EOM\nerror: The sandbox is not in sync with the Podfile.lock. Run 'pod install' or update your CocoaPods installation.\nEOM\n    exit 1\nfi\n";
			showEnvVarsInLog = 0;
		};
		5844B3206D34A6677CE2D088 /* Embed Pods Frameworks */ = {
			isa = PBXShellScriptBuildPhase;
			buildActionMask = 2147483647;
			files = (
			);
			inputPaths = (
			);
			name = "Embed Pods Frameworks";
			outputPaths = (
			);
			runOnlyForDeploymentPostprocessing = 0;
			shellPath = /bin/sh;
			shellScript = "\"${SRCROOT}/Pods/Target Support Files/Pods/Pods-frameworks.sh\"\n";
			showEnvVarsInLog = 0;
		};
		A2EDEAD98C3DB3F432C9060A /* Copy Pods Resources */ = {
			isa = PBXShellScriptBuildPhase;
			buildActionMask = 2147483647;
			files = (
			);
			inputPaths = (
			);
			name = "Copy Pods Resources";
			outputPaths = (
			);
			runOnlyForDeploymentPostprocessing = 0;
			shellPath = /bin/sh;
			shellScript = "\"${SRCROOT}/Pods/Target Support Files/Pods/Pods-resources.sh\"\n";
			showEnvVarsInLog = 0;
		};
/* End PBXShellScriptBuildPhase section */

/* Begin PBXSourcesBuildPhase section */
		48022E5D1CDCE23A00F567B7 /* Sources */ = {
			isa = PBXSourcesBuildPhase;
			buildActionMask = 2147483647;
			files = (
				48DF9E5F1CDCFC7C008E8334 /* PushNotificationViewController.swift in Sources */,
				48DF9E691CDCFD2B008E8334 /* StatisticsViewController.swift in Sources */,
				48022E651CDCE23A00F567B7 /* AppDelegate.swift in Sources */,
				48DF9E671CDCFD14008E8334 /* CloudIntegrationViewController.swift in Sources */,
				48DF9E611CDCFCA6008E8334 /* LocationViewController.swift in Sources */,
				48DF9E651CDCFCF0008E8334 /* NativeAppInfoViewController.swift in Sources */,
				48DF9E5D1CDCFC1C008E8334 /* CallCloudViewController.swift in Sources */,
				48022E7A1CDCE57400F567B7 /* HomeViewController.swift in Sources */,
				48DF9E631CDCFCC3008E8334 /* DataBrowserViewController.swift in Sources */,
			);
			runOnlyForDeploymentPostprocessing = 0;
		};
/* End PBXSourcesBuildPhase section */

/* Begin PBXVariantGroup section */
		48022E681CDCE23A00F567B7 /* Main.storyboard */ = {
			isa = PBXVariantGroup;
			children = (
				48022E691CDCE23A00F567B7 /* Base */,
			);
			name = Main.storyboard;
			sourceTree = "<group>";
		};
		48022E6D1CDCE23A00F567B7 /* LaunchScreen.storyboard */ = {
			isa = PBXVariantGroup;
			children = (
				48022E6E1CDCE23A00F567B7 /* Base */,
			);
			name = LaunchScreen.storyboard;
			sourceTree = "<group>";
		};
/* End PBXVariantGroup section */

/* Begin XCBuildConfiguration section */
		48022E711CDCE23A00F567B7 /* Debug */ = {
			isa = XCBuildConfiguration;
			buildSettings = {
				ALWAYS_SEARCH_USER_PATHS = NO;
				CLANG_ANALYZER_NONNULL = YES;
				CLANG_CXX_LANGUAGE_STANDARD = "gnu++0x";
				CLANG_CXX_LIBRARY = "libc++";
				CLANG_ENABLE_MODULES = YES;
				CLANG_ENABLE_OBJC_ARC = YES;
				CLANG_WARN_BOOL_CONVERSION = YES;
				CLANG_WARN_CONSTANT_CONVERSION = YES;
				CLANG_WARN_DIRECT_OBJC_ISA_USAGE = YES_ERROR;
				CLANG_WARN_EMPTY_BODY = YES;
				CLANG_WARN_ENUM_CONVERSION = YES;
				CLANG_WARN_INT_CONVERSION = YES;
				CLANG_WARN_OBJC_ROOT_CLASS = YES_ERROR;
				CLANG_WARN_UNREACHABLE_CODE = YES;
				CLANG_WARN__DUPLICATE_METHOD_MATCH = YES;
				"CODE_SIGN_IDENTITY[sdk=iphoneos*]" = "iPhone Developer";
				COPY_PHASE_STRIP = NO;
				DEBUG_INFORMATION_FORMAT = dwarf;
				ENABLE_STRICT_OBJC_MSGSEND = YES;
				ENABLE_TESTABILITY = YES;
				GCC_C_LANGUAGE_STANDARD = gnu99;
				GCC_DYNAMIC_NO_PIC = NO;
				GCC_NO_COMMON_BLOCKS = YES;
				GCC_OPTIMIZATION_LEVEL = 0;
				GCC_PREPROCESSOR_DEFINITIONS = (
					"DEBUG=1",
					"$(inherited)",
				);
				GCC_WARN_64_TO_32_BIT_CONVERSION = YES;
				GCC_WARN_ABOUT_RETURN_TYPE = YES_ERROR;
				GCC_WARN_UNDECLARED_SELECTOR = YES;
				GCC_WARN_UNINITIALIZED_AUTOS = YES_AGGRESSIVE;
				GCC_WARN_UNUSED_FUNCTION = YES;
				GCC_WARN_UNUSED_VARIABLE = YES;
				IPHONEOS_DEPLOYMENT_TARGET = 8.0;
				MTL_ENABLE_DEBUG_INFO = YES;
				ONLY_ACTIVE_ARCH = YES;
				SDKROOT = iphoneos;
				SWIFT_OPTIMIZATION_LEVEL = "-Onone";
				TARGETED_DEVICE_FAMILY = "1,2";
			};
			name = Debug;
		};
		48022E721CDCE23A00F567B7 /* Release */ = {
			isa = XCBuildConfiguration;
			buildSettings = {
				ALWAYS_SEARCH_USER_PATHS = NO;
				CLANG_ANALYZER_NONNULL = YES;
				CLANG_CXX_LANGUAGE_STANDARD = "gnu++0x";
				CLANG_CXX_LIBRARY = "libc++";
				CLANG_ENABLE_MODULES = YES;
				CLANG_ENABLE_OBJC_ARC = YES;
				CLANG_WARN_BOOL_CONVERSION = YES;
				CLANG_WARN_CONSTANT_CONVERSION = YES;
				CLANG_WARN_DIRECT_OBJC_ISA_USAGE = YES_ERROR;
				CLANG_WARN_EMPTY_BODY = YES;
				CLANG_WARN_ENUM_CONVERSION = YES;
				CLANG_WARN_INT_CONVERSION = YES;
				CLANG_WARN_OBJC_ROOT_CLASS = YES_ERROR;
				CLANG_WARN_UNREACHABLE_CODE = YES;
				CLANG_WARN__DUPLICATE_METHOD_MATCH = YES;
				"CODE_SIGN_IDENTITY[sdk=iphoneos*]" = "iPhone Developer";
				COPY_PHASE_STRIP = NO;
				DEBUG_INFORMATION_FORMAT = "dwarf-with-dsym";
				ENABLE_NS_ASSERTIONS = NO;
				ENABLE_STRICT_OBJC_MSGSEND = YES;
				GCC_C_LANGUAGE_STANDARD = gnu99;
				GCC_NO_COMMON_BLOCKS = YES;
				GCC_WARN_64_TO_32_BIT_CONVERSION = YES;
				GCC_WARN_ABOUT_RETURN_TYPE = YES_ERROR;
				GCC_WARN_UNDECLARED_SELECTOR = YES;
				GCC_WARN_UNINITIALIZED_AUTOS = YES_AGGRESSIVE;
				GCC_WARN_UNUSED_FUNCTION = YES;
				GCC_WARN_UNUSED_VARIABLE = YES;
				IPHONEOS_DEPLOYMENT_TARGET = 8.0;
				MTL_ENABLE_DEBUG_INFO = NO;
				SDKROOT = iphoneos;
				TARGETED_DEVICE_FAMILY = "1,2";
				VALIDATE_PRODUCT = YES;
			};
			name = Release;
		};
		48022E741CDCE23A00F567B7 /* Debug */ = {
			isa = XCBuildConfiguration;
			baseConfigurationReference = 842E20DD4E12A4FBB0AB84F0 /* Pods.debug.xcconfig */;
			buildSettings = {
				ASSETCATALOG_COMPILER_APPICON_NAME = AppIcon;
				INFOPLIST_FILE = "$(SRCROOT)/welcome-ios-swift/welcome-ios-swift-Info.plist";
				LD_RUNPATH_SEARCH_PATHS = "$(inherited) @executable_path/Frameworks";
				PRODUCT_BUNDLE_IDENTIFIER = "org.feedhenry.welcome-ios-swift";
				PRODUCT_NAME = "$(TARGET_NAME)";
			};
			name = Debug;
		};
		48022E751CDCE23A00F567B7 /* Release */ = {
			isa = XCBuildConfiguration;
			baseConfigurationReference = 4B7C3F63DC392B4D7613C071 /* Pods.release.xcconfig */;
			buildSettings = {
				ASSETCATALOG_COMPILER_APPICON_NAME = AppIcon;
				INFOPLIST_FILE = "$(SRCROOT)/welcome-ios-swift/welcome-ios-swift-Info.plist";
				LD_RUNPATH_SEARCH_PATHS = "$(inherited) @executable_path/Frameworks";
				PRODUCT_BUNDLE_IDENTIFIER = "org.feedhenry.welcome-ios-swift";
				PRODUCT_NAME = "$(TARGET_NAME)";
			};
			name = Release;
		};
/* End XCBuildConfiguration section */

/* Begin XCConfigurationList section */
		48022E5C1CDCE23A00F567B7 /* Build configuration list for PBXProject "welcome-ios-swift" */ = {
			isa = XCConfigurationList;
			buildConfigurations = (
				48022E711CDCE23A00F567B7 /* Debug */,
				48022E721CDCE23A00F567B7 /* Release */,
			);
			defaultConfigurationIsVisible = 0;
			defaultConfigurationName = Release;
		};
		48022E731CDCE23A00F567B7 /* Build configuration list for PBXNativeTarget "welcome-ios-swift" */ = {
			isa = XCConfigurationList;
			buildConfigurations = (
				48022E741CDCE23A00F567B7 /* Debug */,
				48022E751CDCE23A00F567B7 /* Release */,
			);
			defaultConfigurationIsVisible = 0;
			defaultConfigurationName = Release;
		};
/* End XCConfigurationList section */
	};
	rootObject = 48022E591CDCE23A00F567B7 /* Project object */;
}
